
Microsoft Visual Studio Solution File, Format Version 12.00
# Visual Studio Version 16
VisualStudioVersion = 16.0.29509.3
MinimumVisualStudioVersion = 10.0.40219.1
Project("{FAE04EC0-301F-11D3-BF4B-00C04F79EFBC}") = "EMRS", "EMRS\EMRS.csproj", "{AB2AADDA-5E51-4106-B085-BA5E8D3D2146}"
EndProject
Global
	GlobalSection(SolutionConfigurationPlatforms) = preSolution
		Debug|Any CPU = Debug|Any CPU
		Release|Any CPU = Release|Any CPU
	EndGlobalSection
	GlobalSection(ProjectConfigurationPlatforms) = postSolution
		{AB2AADDA-5E51-4106-B085-BA5E8D3D2146}.Debug|Any CPU.ActiveCfg = Debug|Any CPU
		{AB2AADDA-5E51-4106-B085-BA5E8D3D2146}.Debug|Any CPU.Build.0 = Debug|Any CPU
		{AB2AADDA-5E51-4106-B085-BA5E8D3D2146}.Release|Any CPU.ActiveCfg = Release|Any CPU
		{AB2AADDA-5E51-4106-B085-BA5E8D3D2146}.Release|Any CPU.Build.0 = Release|Any CPU
	EndGlobalSection
	GlobalSection(SolutionProperties) = preSolution
		HideSolutionNode = FALSE
	EndGlobalSection
	GlobalSection(ExtensibilityGlobals) = postSolution
		SolutionGuid = {FDDAF4B6-31F5-448F-A701-78FF1D52B829}
	EndGlobalSection
EndGlobal
